{
  "originHash" : "61735737d6e961b4bc11151582af68cb0ef459e93462480df6694bd166136e11",
  "pins" : [
    {
      "identity" : "hotwire-native-ios",
      "kind" : "remoteSourceControl",
      "location" : "https://github.com/hotwired/hotwire-native-ios.git",
      "state" : {
        "revision" : "65e5e21ad7c2f80182cac670d1d7b2cb40c0da47",
        "version" : "1.3.0"
      }
    }
  ],
  "version" : 3
}
